{
  "name": "customer-success-agent",
  "lockfileVersion": 3,
  "requires": true,
  "packages": {
    "": {
      "dependencies": {
        "wavesurfer.js": "^7.10.0"
      }
    },
    "node_modules/wavesurfer.js": {
      "version": "7.10.0",
      "resolved": "https://registry.npmjs.org/wavesurfer.js/-/wavesurfer.js-7.10.0.tgz",
      "integrity": "sha512-GiyAHdorqGtUYG5fe4BfTf5lmtSLhrXoHeNlMsR80JOiOZxOrIOv9QaIR8RnqlleJ6D8R9cqvZKR9lfJcWcapg==",
      "license": "BSD-3-Clause"
    }
  }
}
